
Microsoft Visual Studio Solution File, Format Version 12.00
# Visual Studio Version 17
VisualStudioVersion = 17.5.33424.131
MinimumVisualStudioVersion = 10.0.40219.1
Project("{FAE04EC0-301F-11D3-BF4B-00C04F79EFBC}") = "Terning-Dice", "Terning-Dice\Terning-Dice.csproj", "{B2793A8F-062F-4C9D-A07D-550970209C3A}"
EndProject
Global
	GlobalSection(SolutionConfigurationPlatforms) = preSolution
		Debug|Any CPU = Debug|Any CPU
		Release|Any CPU = Release|Any CPU
	EndGlobalSection
	GlobalSection(ProjectConfigurationPlatforms) = postSolution
		{B2793A8F-062F-4C9D-A07D-550970209C3A}.Debug|Any CPU.ActiveCfg = Debug|Any CPU
		{B2793A8F-062F-4C9D-A07D-550970209C3A}.Debug|Any CPU.Build.0 = Debug|Any CPU
		{B2793A8F-062F-4C9D-A07D-550970209C3A}.Release|Any CPU.ActiveCfg = Release|Any CPU
		{B2793A8F-062F-4C9D-A07D-550970209C3A}.Release|Any CPU.Build.0 = Release|Any CPU
	EndGlobalSection
	GlobalSection(SolutionProperties) = preSolution
		HideSolutionNode = FALSE
	EndGlobalSection
	GlobalSection(ExtensibilityGlobals) = postSolution
		SolutionGuid = {9533F5BD-6FCA-440B-89B0-76ED8ECD5932}
	EndGlobalSection
EndGlobal
